{
  "name": "react-qrcode-js",
  "version": "1.0.4",
  "lockfileVersion": 1,
  "requires": true,
  "dependencies": {
    "qr.js": {
      "version": "0.0.0",
      "resolved": "https://registry.npmjs.org/qr.js/-/qr.js-0.0.0.tgz",
      "integrity": "sha512-c4iYnWb+k2E+vYpRimHqSu575b1/wKl4XFeJGpFmrJQz5I88v9aY2czh7s0w36srfCM1sXgC/xpoJz5dJfq+OQ=="
    }
  }
}
